// !$*UTF8*$!
{
	archiveVersion = 1;
	classes = {
	};
	objectVersion = 56;
	objects = {

/* Begin PBXBuildFile section */
		DB21B36B2AFC4EBF004B9976 /* GlobalConfigs.swift in Sources */ = {isa = PBXBuildFile; fileRef = DB21B36A2AFC4EBF004B9976 /* GlobalConfigs.swift */; };
		DB21B36D2AFC5224004B9976 /* MealsResponse+Api.swift in Sources */ = {isa = PBXBuildFile; fileRef = DB21B36C2AFC5224004B9976 /* MealsResponse+Api.swift */; };
		DB21B3702AFC55A9004B9976 /* MealItemView.swift in Sources */ = {isa = PBXBuildFile; fileRef = DB21B36F2AFC55A9004B9976 /* MealItemView.swift */; };
		DB579B7E2AF98534003D3BCD /* recipes_excerciseApp.swift in Sources */ = {isa = PBXBuildFile; fileRef = DB579B7D2AF98534003D3BCD /* recipes_excerciseApp.swift */; };
		DB579B802AF98534003D3BCD /* MealsListView.swift in Sources */ = {isa = PBXBuildFile; fileRef = DB579B7F2AF98534003D3BCD /* MealsListView.swift */; };
		DB579B822AF98537003D3BCD /* Assets.xcassets in Resources */ = {isa = PBXBuildFile; fileRef = DB579B812AF98537003D3BCD /* Assets.xcassets */; };
		DB579B852AF98537003D3BCD /* Preview Assets.xcassets in Resources */ = {isa = PBXBuildFile; fileRef = DB579B842AF98537003D3BCD /* Preview Assets.xcassets */; };
		DB579B8C2AF9860E003D3BCD /* MealsResponse.swift in Sources */ = {isa = PBXBuildFile; fileRef = DB579B8B2AF9860E003D3BCD /* MealsResponse.swift */; };
		DB579B8E2AF989FC003D3BCD /* MealDetailsResponse.swift in Sources */ = {isa = PBXBuildFile; fileRef = DB579B8D2AF989FC003D3BCD /* MealDetailsResponse.swift */; };
		DB579B902AF98BD7003D3BCD /* MealDetailsView.swift in Sources */ = {isa = PBXBuildFile; fileRef = DB579B8F2AF98BD7003D3BCD /* MealDetailsView.swift */; };
		DB579B932AF9B5C3003D3BCD /* OrderedCollections in Frameworks */ = {isa = PBXBuildFile; productRef = DB579B922AF9B5C3003D3BCD /* OrderedCollections */; };
/* End PBXBuildFile section */

/* Begin PBXFileReference section */
		DB21B36A2AFC4EBF004B9976 /* GlobalConfigs.swift */ = {isa = PBXFileReference; lastKnownFileType = sourcecode.swift; path = GlobalConfigs.swift; sourceTree = "<group>"; };
		DB21B36C2AFC5224004B9976 /* MealsResponse+Api.swift */ = {isa = PBXFileReference; lastKnownFileType = sourcecode.swift; path = "MealsResponse+Api.swift"; sourceTree = "<group>"; };
		DB21B36F2AFC55A9004B9976 /* MealItemView.swift */ = {isa = PBXFileReference; lastKnownFileType = sourcecode.swift; path = MealItemView.swift; sourceTree = "<group>"; };
		DB579B7A2AF98534003D3BCD /* recipes-excercise.app */ = {isa = PBXFileReference; explicitFileType = wrapper.application; includeInIndex = 0; path = "recipes-excercise.app"; sourceTree = BUILT_PRODUCTS_DIR; };
		DB579B7D2AF98534003D3BCD /* recipes_excerciseApp.swift */ = {isa = PBXFileReference; lastKnownFileType = sourcecode.swift; path = recipes_excerciseApp.swift; sourceTree = "<group>"; };
		DB579B7F2AF98534003D3BCD /* MealsListView.swift */ = {isa = PBXFileReference; lastKnownFileType = sourcecode.swift; path = MealsListView.swift; sourceTree = "<group>"; };
		DB579B812AF98537003D3BCD /* Assets.xcassets */ = {isa = PBXFileReference; lastKnownFileType = folder.assetcatalog; path = Assets.xcassets; sourceTree = "<group>"; };
		DB579B842AF98537003D3BCD /* Preview Assets.xcassets */ = {isa = PBXFileReference; lastKnownFileType = folder.assetcatalog; path = "Preview Assets.xcassets"; sourceTree = "<group>"; };
		DB579B8B2AF9860E003D3BCD /* MealsResponse.swift */ = {isa = PBXFileReference; lastKnownFileType = sourcecode.swift; path = MealsResponse.swift; sourceTree = "<group>"; };
		DB579B8D2AF989FC003D3BCD /* MealDetailsResponse.swift */ = {isa = PBXFileReference; lastKnownFileType = sourcecode.swift; path = MealDetailsResponse.swift; sourceTree = "<group>"; };
		DB579B8F2AF98BD7003D3BCD /* MealDetailsView.swift */ = {isa = PBXFileReference; lastKnownFileType = sourcecode.swift; path = MealDetailsView.swift; sourceTree = "<group>"; };
/* End PBXFileReference section */

/* Begin PBXFrameworksBuildPhase section */
		DB579B772AF98534003D3BCD /* Frameworks */ = {
			isa = PBXFrameworksBuildPhase;
			buildActionMask = 2147483647;
			files = (
				DB579B932AF9B5C3003D3BCD /* OrderedCollections in Frameworks */,
			);
			runOnlyForDeploymentPostprocessing = 0;
		};
/* End PBXFrameworksBuildPhase section */

/* Begin PBXGroup section */
		DB21B36E2AFC5241004B9976 /* Model */ = {
			isa = PBXGroup;
			children = (
				DB579B8B2AF9860E003D3BCD /* MealsResponse.swift */,
				DB579B8D2AF989FC003D3BCD /* MealDetailsResponse.swift */,
				DB21B36A2AFC4EBF004B9976 /* GlobalConfigs.swift */,
				DB21B36C2AFC5224004B9976 /* MealsResponse+Api.swift */,
			);
			path = Model;
			sourceTree = "<group>";
		};
		DB579B712AF98534003D3BCD = {
			isa = PBXGroup;
			children = (
				DB579B7C2AF98534003D3BCD /* recipes-excercise */,
				DB579B7B2AF98534003D3BCD /* Products */,
			);
			sourceTree = "<group>";
		};
		DB579B7B2AF98534003D3BCD /* Products */ = {
			isa = PBXGroup;
			children = (
				DB579B7A2AF98534003D3BCD /* recipes-excercise.app */,
			);
			name = Products;
			sourceTree = "<group>";
		};
		DB579B7C2AF98534003D3BCD /* recipes-excercise */ = {
			isa = PBXGroup;
			children = (
				DB579B7D2AF98534003D3BCD /* recipes_excerciseApp.swift */,
				DB579B812AF98537003D3BCD /* Assets.xcassets */,
				DB579B832AF98537003D3BCD /* Preview Content */,
				DB21B36E2AFC5241004B9976 /* Model */,
				DB579B7F2AF98534003D3BCD /* MealsListView.swift */,
				DB579B8F2AF98BD7003D3BCD /* MealDetailsView.swift */,
				DB21B36F2AFC55A9004B9976 /* MealItemView.swift */,
			);
			path = "recipes-excercise";
			sourceTree = "<group>";
		};
		DB579B832AF98537003D3BCD /* Preview Content */ = {
			isa = PBXGroup;
			children = (
				DB579B842AF98537003D3BCD /* Preview Assets.xcassets */,
			);
			path = "Preview Content";
			sourceTree = "<group>";
		};
/* End PBXGroup section */

/* Begin PBXNativeTarget section */
		DB579B792AF98534003D3BCD /* recipes-excercise */ = {
			isa = PBXNativeTarget;
			buildConfigurationList = DB579B882AF98537003D3BCD /* Build configuration list for PBXNativeTarget "recipes-excercise" */;
			buildPhases = (
				DB579B762AF98534003D3BCD /* Sources */,
				DB579B772AF98534003D3BCD /* Frameworks */,
				DB579B782AF98534003D3BCD /* Resources */,
			);
			buildRules = (
			);
			dependencies = (
			);
			name = "recipes-excercise";
			packageProductDependencies = (
				DB579B922AF9B5C3003D3BCD /* OrderedCollections */,
			);
			productName = "recipes-excercise";
			productReference = DB579B7A2AF98534003D3BCD /* recipes-excercise.app */;
			productType = "com.apple.product-type.application";
		};
/* End PBXNativeTarget section */

/* Begin PBXProject section */
		DB579B722AF98534003D3BCD /* Project object */ = {
			isa = PBXProject;
			attributes = {
				BuildIndependentTargetsInParallel = 1;
				LastSwiftUpdateCheck = 1500;
				LastUpgradeCheck = 1500;
				TargetAttributes = {
					DB579B792AF98534003D3BCD = {
						CreatedOnToolsVersion = 15.0;
					};
				};
			};
			buildConfigurationList = DB579B752AF98534003D3BCD /* Build configuration list for PBXProject "recipes-excercise" */;
			compatibilityVersion = "Xcode 14.0";
			developmentRegion = en;
			hasScannedForEncodings = 0;
			knownRegions = (
				en,
				Base,
			);
			mainGroup = DB579B712AF98534003D3BCD;
			packageReferences = (
				DB579B912AF9B5C3003D3BCD /* XCRemoteSwiftPackageReference "swift-collections" */,
			);
			productRefGroup = DB579B7B2AF98534003D3BCD /* Products */;
			projectDirPath = "";
			projectRoot = "";
			targets = (
				DB579B792AF98534003D3BCD /* recipes-excercise */,
			);
		};
/* End PBXProject section */

/* Begin PBXResourcesBuildPhase section */
		DB579B782AF98534003D3BCD /* Resources */ = {
			isa = PBXResourcesBuildPhase;
			buildActionMask = 2147483647;
			files = (
				DB579B852AF98537003D3BCD /* Preview Assets.xcassets in Resources */,
				DB579B822AF98537003D3BCD /* Assets.xcassets in Resources */,
			);
			runOnlyForDeploymentPostprocessing = 0;
		};
/* End PBXResourcesBuildPhase section */

/* Begin PBXSourcesBuildPhase section */
		DB579B762AF98534003D3BCD /* Sources */ = {
			isa = PBXSourcesBuildPhase;
			buildActionMask = 2147483647;
			files = (
				DB579B8E2AF989FC003D3BCD /* MealDetailsResponse.swift in Sources */,
				DB579B802AF98534003D3BCD /* MealsListView.swift in Sources */,
				DB579B902AF98BD7003D3BCD /* MealDetailsView.swift in Sources */,
				DB21B36D2AFC5224004B9976 /* MealsResponse+Api.swift in Sources */,
				DB579B7E2AF98534003D3BCD /* recipes_excerciseApp.swift in Sources */,
				DB21B36B2AFC4EBF004B9976 /* GlobalConfigs.swift in Sources */,
				DB21B3702AFC55A9004B9976 /* MealItemView.swift in Sources */,
				DB579B8C2AF9860E003D3BCD /* MealsResponse.swift in Sources */,
			);
			runOnlyForDeploymentPostprocessing = 0;
		};
/* End PBXSourcesBuildPhase section */

/* Begin XCBuildConfiguration section */
		DB579B862AF98537003D3BCD /* Debug */ = {
			isa = XCBuildConfiguration;
			buildSettings = {
				ALWAYS_SEARCH_USER_PATHS = NO;
				ASSETCATALOG_COMPILER_GENERATE_SWIFT_ASSET_SYMBOL_EXTENSIONS = YES;
				CLANG_ANALYZER_NONNULL = YES;
				CLANG_ANALYZER_NUMBER_OBJECT_CONVERSION = YES_AGGRESSIVE;
				CLANG_CXX_LANGUAGE_STANDARD = "gnu++20";
				CLANG_ENABLE_MODULES = YES;
				CLANG_ENABLE_OBJC_ARC = YES;
				CLANG_ENABLE_OBJC_WEAK = YES;
				CLANG_WARN_BLOCK_CAPTURE_AUTORELEASING = YES;
				CLANG_WARN_BOOL_CONVERSION = YES;
				CLANG_WARN_COMMA = YES;
				CLANG_WARN_CONSTANT_CONVERSION = YES;
				CLANG_WARN_DEPRECATED_OBJC_IMPLEMENTATIONS = YES;
				CLANG_WARN_DIRECT_OBJC_ISA_USAGE = YES_ERROR;
				CLANG_WARN_DOCUMENTATION_COMMENTS = YES;
				CLANG_WARN_EMPTY_BODY = YES;
				CLANG_WARN_ENUM_CONVERSION = YES;
				CLANG_WARN_INFINITE_RECURSION = YES;
				CLANG_WARN_INT_CONVERSION = YES;
				CLANG_WARN_NON_LITERAL_NULL_CONVERSION = YES;
				CLANG_WARN_OBJC_IMPLICIT_RETAIN_SELF = YES;
				CLANG_WARN_OBJC_LITERAL_CONVERSION = YES;
				CLANG_WARN_OBJC_ROOT_CLASS = YES_ERROR;
				CLANG_WARN_QUOTED_INCLUDE_IN_FRAMEWORK_HEADER = YES;
				CLANG_WARN_RANGE_LOOP_ANALYSIS = YES;
				CLANG_WARN_STRICT_PROTOTYPES = YES;
				CLANG_WARN_SUSPICIOUS_MOVE = YES;
				CLANG_WARN_UNGUARDED_AVAILABILITY = YES_AGGRESSIVE;
				CLANG_WARN_UNREACHABLE_CODE = YES;
				CLANG_WARN__DUPLICATE_METHOD_MATCH = YES;
				COPY_PHASE_STRIP = NO;
				DEBUG_INFORMATION_FORMAT = dwarf;
				ENABLE_STRICT_OBJC_MSGSEND = YES;
				ENABLE_TESTABILITY = YES;
				ENABLE_USER_SCRIPT_SANDBOXING = YES;
				GCC_C_LANGUAGE_STANDARD = gnu17;
				GCC_DYNAMIC_NO_PIC = NO;
				GCC_NO_COMMON_BLOCKS = YES;
				GCC_OPTIMIZATION_LEVEL = 0;
				GCC_PREPROCESSOR_DEFINITIONS = (
					"DEBUG=1",
					"$(inherited)",
				);
				GCC_WARN_64_TO_32_BIT_CONVERSION = YES;
				GCC_WARN_ABOUT_RETURN_TYPE = YES_ERROR;
				GCC_WARN_UNDECLARED_SELECTOR = YES;
				GCC_WARN_UNINITIALIZED_AUTOS = YES_AGGRESSIVE;
				GCC_WARN_UNUSED_FUNCTION = YES;
				GCC_WARN_UNUSED_VARIABLE = YES;
				IPHONEOS_DEPLOYMENT_TARGET = 17.0;
				LOCALIZATION_PREFERS_STRING_CATALOGS = YES;
				MTL_ENABLE_DEBUG_INFO = INCLUDE_SOURCE;
				MTL_FAST_MATH = YES;
				ONLY_ACTIVE_ARCH = YES;
				SDKROOT = iphoneos;
				SWIFT_ACTIVE_COMPILATION_CONDITIONS = "DEBUG $(inherited)";
				SWIFT_OPTIMIZATION_LEVEL = "-Onone";
			};
			name = Debug;
		};
		DB579B872AF98537003D3BCD /* Release */ = {
			isa = XCBuildConfiguration;
			buildSettings = {
				ALWAYS_SEARCH_USER_PATHS = NO;
				ASSETCATALOG_COMPILER_GENERATE_SWIFT_ASSET_SYMBOL_EXTENSIONS = YES;
				CLANG_ANALYZER_NONNULL = YES;
				CLANG_ANALYZER_NUMBER_OBJECT_CONVERSION = YES_AGGRESSIVE;
				CLANG_CXX_LANGUAGE_STANDARD = "gnu++20";
				CLANG_ENABLE_MODULES = YES;
				CLANG_ENABLE_OBJC_ARC = YES;
				CLANG_ENABLE_OBJC_WEAK = YES;
				CLANG_WARN_BLOCK_CAPTURE_AUTORELEASING = YES;
				CLANG_WARN_BOOL_CONVERSION = YES;
				CLANG_WARN_COMMA = YES;
				CLANG_WARN_CONSTANT_CONVERSION = YES;
				CLANG_WARN_DEPRECATED_OBJC_IMPLEMENTATIONS = YES;
				CLANG_WARN_DIRECT_OBJC_ISA_USAGE = YES_ERROR;
				CLANG_WARN_DOCUMENTATION_COMMENTS = YES;
				CLANG_WARN_EMPTY_BODY = YES;
				CLANG_WARN_ENUM_CONVERSION = YES;
				CLANG_WARN_INFINITE_RECURSION = YES;
				CLANG_WARN_INT_CONVERSION = YES;
				CLANG_WARN_NON_LITERAL_NULL_CONVERSION = YES;
				CLANG_WARN_OBJC_IMPLICIT_RETAIN_SELF = YES;
				CLANG_WARN_OBJC_LITERAL_CONVERSION = YES;
				CLANG_WARN_OBJC_ROOT_CLASS = YES_ERROR;
				CLANG_WARN_QUOTED_INCLUDE_IN_FRAMEWORK_HEADER = YES;
				CLANG_WARN_RANGE_LOOP_ANALYSIS = YES;
				CLANG_WARN_STRICT_PROTOTYPES = YES;
				CLANG_WARN_SUSPICIOUS_MOVE = YES;
				CLANG_WARN_UNGUARDED_AVAILABILITY = YES_AGGRESSIVE;
				CLANG_WARN_UNREACHABLE_CODE = YES;
				CLANG_WARN__DUPLICATE_METHOD_MATCH = YES;
				COPY_PHASE_STRIP = NO;
				DEBUG_INFORMATION_FORMAT = "dwarf-with-dsym";
				ENABLE_NS_ASSERTIONS = NO;
				ENABLE_STRICT_OBJC_MSGSEND = YES;
				ENABLE_USER_SCRIPT_SANDBOXING = YES;
				GCC_C_LANGUAGE_STANDARD = gnu17;
				GCC_NO_COMMON_BLOCKS = YES;
				GCC_WARN_64_TO_32_BIT_CONVERSION = YES;
				GCC_WARN_ABOUT_RETURN_TYPE = YES_ERROR;
				GCC_WARN_UNDECLARED_SELECTOR = YES;
				GCC_WARN_UNINITIALIZED_AUTOS = YES_AGGRESSIVE;
				GCC_WARN_UNUSED_FUNCTION = YES;
				GCC_WARN_UNUSED_VARIABLE = YES;
				IPHONEOS_DEPLOYMENT_TARGET = 17.0;
				LOCALIZATION_PREFERS_STRING_CATALOGS = YES;
				MTL_ENABLE_DEBUG_INFO = NO;
				MTL_FAST_MATH = YES;
				SDKROOT = iphoneos;
				SWIFT_COMPILATION_MODE = wholemodule;
				VALIDATE_PRODUCT = YES;
			};
			name = Release;
		};
		DB579B892AF98537003D3BCD /* Debug */ = {
			isa = XCBuildConfiguration;
			buildSettings = {
				ASSETCATALOG_COMPILER_APPICON_NAME = AppIcon;
				ASSETCATALOG_COMPILER_GLOBAL_ACCENT_COLOR_NAME = AccentColor;
				CODE_SIGN_STYLE = Automatic;
				CURRENT_PROJECT_VERSION = 1;
				DEVELOPMENT_ASSET_PATHS = "\"recipes-excercise/Preview Content\"";
				ENABLE_PREVIEWS = YES;
				GENERATE_INFOPLIST_FILE = YES;
				INFOPLIST_KEY_UIApplicationSceneManifest_Generation = YES;
				INFOPLIST_KEY_UIApplicationSupportsIndirectInputEvents = YES;
				INFOPLIST_KEY_UILaunchScreen_Generation = YES;
				INFOPLIST_KEY_UISupportedInterfaceOrientations_iPad = "UIInterfaceOrientationPortrait UIInterfaceOrientationPortraitUpsideDown UIInterfaceOrientationLandscapeLeft UIInterfaceOrientationLandscapeRight";
				INFOPLIST_KEY_UISupportedInterfaceOrientations_iPhone = "UIInterfaceOrientationPortrait UIInterfaceOrientationLandscapeLeft UIInterfaceOrientationLandscapeRight";
				LD_RUNPATH_SEARCH_PATHS = (
					"$(inherited)",
					"@executable_path/Frameworks",
				);
				MARKETING_VERSION = 1.0;
				PRODUCT_BUNDLE_IDENTIFIER = "io.rbhbokka.recipes-excercise";
				PRODUCT_NAME = "$(TARGET_NAME)";
				SWIFT_EMIT_LOC_STRINGS = YES;
				SWIFT_VERSION = 5.0;
				TARGETED_DEVICE_FAMILY = "1,2";
			};
			name = Debug;
		};
		DB579B8A2AF98537003D3BCD /* Release */ = {
			isa = XCBuildConfiguration;
			buildSettings = {
				ASSETCATALOG_COMPILER_APPICON_NAME = AppIcon;
				ASSETCATALOG_COMPILER_GLOBAL_ACCENT_COLOR_NAME = AccentColor;
				CODE_SIGN_STYLE = Automatic;
				CURRENT_PROJECT_VERSION = 1;
				DEVELOPMENT_ASSET_PATHS = "\"recipes-excercise/Preview Content\"";
				ENABLE_PREVIEWS = YES;
				GENERATE_INFOPLIST_FILE = YES;
				INFOPLIST_KEY_UIApplicationSceneManifest_Generation = YES;
				INFOPLIST_KEY_UIApplicationSupportsIndirectInputEvents = YES;
				INFOPLIST_KEY_UILaunchScreen_Generation = YES;
				INFOPLIST_KEY_UISupportedInterfaceOrientations_iPad = "UIInterfaceOrientationPortrait UIInterfaceOrientationPortraitUpsideDown UIInterfaceOrientationLandscapeLeft UIInterfaceOrientationLandscapeRight";
				INFOPLIST_KEY_UISupportedInterfaceOrientations_iPhone = "UIInterfaceOrientationPortrait UIInterfaceOrientationLandscapeLeft UIInterfaceOrientationLandscapeRight";
				LD_RUNPATH_SEARCH_PATHS = (
					"$(inherited)",
					"@executable_path/Frameworks",
				);
				MARKETING_VERSION = 1.0;
				PRODUCT_BUNDLE_IDENTIFIER = "io.rbhbokka.recipes-excercise";
				PRODUCT_NAME = "$(TARGET_NAME)";
				SWIFT_EMIT_LOC_STRINGS = YES;
				SWIFT_VERSION = 5.0;
				TARGETED_DEVICE_FAMILY = "1,2";
			};
			name = Release;
		};
/* End XCBuildConfiguration section */

/* Begin XCConfigurationList section */
		DB579B752AF98534003D3BCD /* Build configuration list for PBXProject "recipes-excercise" */ = {
			isa = XCConfigurationList;
			buildConfigurations = (
				DB579B862AF98537003D3BCD /* Debug */,
				DB579B872AF98537003D3BCD /* Release */,
			);
			defaultConfigurationIsVisible = 0;
			defaultConfigurationName = Release;
		};
		DB579B882AF98537003D3BCD /* Build configuration list for PBXNativeTarget "recipes-excercise" */ = {
			isa = XCConfigurationList;
			buildConfigurations = (
				DB579B892AF98537003D3BCD /* Debug */,
				DB579B8A2AF98537003D3BCD /* Release */,
			);
			defaultConfigurationIsVisible = 0;
			defaultConfigurationName = Release;
		};
/* End XCConfigurationList section */

/* Begin XCRemoteSwiftPackageReference section */
		DB579B912AF9B5C3003D3BCD /* XCRemoteSwiftPackageReference "swift-collections" */ = {
			isa = XCRemoteSwiftPackageReference;
			repositoryURL = "https://github.com/apple/swift-collections.git";
			requirement = {
				kind = upToNextMajorVersion;
				minimumVersion = 1.0.5;
			};
		};
/* End XCRemoteSwiftPackageReference section */

/* Begin XCSwiftPackageProductDependency section */
		DB579B922AF9B5C3003D3BCD /* OrderedCollections */ = {
			isa = XCSwiftPackageProductDependency;
			package = DB579B912AF9B5C3003D3BCD /* XCRemoteSwiftPackageReference "swift-collections" */;
			productName = OrderedCollections;
		};
/* End XCSwiftPackageProductDependency section */
	};
	rootObject = DB579B722AF98534003D3BCD /* Project object */;
}
